PODS:
  - Capacitor (7.4.2):
    - CapacitorCordova
  - CapacitorApp (7.0.2):
    - Capacitor
  - CapacitorCordova (7.4.2)

DEPENDENCIES:
  - "Capacitor (from `../../node_modules/@capacitor/ios`)"
  - "CapacitorApp (from `../../node_modules/@capacitor/app`)"
  - "CapacitorCordova (from `../../node_modules/@capacitor/ios`)"

EXTERNAL SOURCES:
  Capacitor:
    :path: "../../node_modules/@capacitor/ios"
  CapacitorApp:
    :path: "../../node_modules/@capacitor/app"
  CapacitorCordova:
    :path: "../../node_modules/@capacitor/ios"

SPEC CHECKSUMS:
  Capacitor: 156d98aba46ec01dde72c4bbb92fa626837cad29
  CapacitorApp: efc1e9748a8ea5d3e789cd82a4f451341cc7ac93
  CapacitorCordova: 5e58d04631bc5094894ac106e2bf1da18a9e6151

PODFILE CHECKSUM: e4d64aec23c20c5056fa68886cb9fc1ed6fab787

COCOAPODS: 1.16.2
